<?xml version="1.0" encoding="utf-8"?>
<Project ToolsVersion="4.0" xmlns="http://schemas.microsoft.com/developer/msbuild/2003">
  <ItemGroup>
    <Filter Include="Source Files">
      <UniqueIdentifier>{4FC737F1-C7A5-4376-A066-2A32D752A2FF}</UniqueIdentifier>
      <Extensions>cpp;c;cc;cxx;c++;cppm;ixx;def;odl;idl;hpj;bat;asm;asmx</Extensions>
    </Filter>
    <Filter Include="Resource Files">
      <UniqueIdentifier>{67DA6AB6-F800-4c08-8B7A-83BB121AAD01}</UniqueIdentifier>
      <Extensions>rc;ico;cur;bmp;dlg;rc2;rct;bin;rgs;gif;jpg;jpeg;jpe;resx;tiff;tif;png;wav;mfcribbon-ms</Extensions>
    </Filter>
    <Filter Include="include">
      <UniqueIdentifier>{93995380-89BD-4b04-88EB-625FBE52EBFB}</UniqueIdentifier>
      <Extensions>h;hh;hpp;hxx;h++;hm;inl;inc;ipp;xsd</Extensions>
    </Filter>
    <Filter Include="Source Files\Skeleton">
      <UniqueIdentifier>{086a5788-63ed-430a-8f33-ff41f56b5835}</UniqueIdentifier>
    </Filter>
    <Filter Include="include\Skeleton">
      <UniqueIdentifier>{26c47a4a-4769-4a53-aa54-ad58672d10c4}</UniqueIdentifier>
    </Filter>
    <Filter Include="Source Files\Component">
      <UniqueIdentifier>{ed627a96-992f-423d-a0e2-f18951e6a81b}</UniqueIdentifier>
    </Filter>
    <Filter Include="include\Component">
      <UniqueIdentifier>{2f052a03-45e9-4262-bbb2-a363d3033883}</UniqueIdentifier>
    </Filter>
  </ItemGroup>
  <ItemGroup>
    <ClCompile Include="src\Component.cpp">
      <Filter>Source Files\Skeleton</Filter>
    </ClCompile>
    <ClCompile Include="src\Game.cpp">
      <Filter>Source Files\Skeleton</Filter>
    </ClCompile>
    <ClCompile Include="src\GameObject.cpp">
      <Filter>Source Files\Skeleton</Filter>
    </ClCompile>
    <ClCompile Include="src\Main.cpp">
      <Filter>Source Files\Skeleton</Filter>
    </ClCompile>
    <ClCompile Include="src\VertexArray.cpp">
      <Filter>Source Files\Skeleton</Filter>
    </ClCompile>
    <ClCompile Include="src\Shader.cpp">
      <Filter>Source Files\Skeleton</Filter>
    </ClCompile>
    <ClCompile Include="src\Components\Renderer.cpp">
      <Filter>Source Files\Component</Filter>
    </ClCompile>
  </ItemGroup>
  <ItemGroup>
    <ClInclude Include="src\Component.h">
      <Filter>include\Skeleton</Filter>
    </ClInclude>
    <ClInclude Include="src\Game.h">
      <Filter>include\Skeleton</Filter>
    </ClInclude>
    <ClInclude Include="src\GameObject.h">
      <Filter>include\Skeleton</Filter>
    </ClInclude>
    <ClInclude Include="src\VertexArray.h">
      <Filter>include\Skeleton</Filter>
    </ClInclude>
    <ClInclude Include="src\Shader.h">
      <Filter>include\Skeleton</Filter>
    </ClInclude>
    <ClInclude Include="src\Components\Renderer.h">
      <Filter>include\Component</Filter>
    </ClInclude>
  </ItemGroup>
</Project>